
Microsoft Visual Studio Solution File, Format Version 12.00
# Visual Studio Version 17
VisualStudioVersion = 17.7.34024.191
MinimumVisualStudioVersion = 10.0.40219.1
Project("{9A19103F-16F7-4668-BE54-9A1E7A4F7556}") = "Scaffold", "Scaffold\Scaffold.csproj", "{DC1442BD-FDB8-4351-807A-A66C2699EE92}"
EndProject
Project("{FAE04EC0-301F-11D3-BF4B-00C04F79EFBC}") = "DebugProjConsole", "DebugProjConsole\DebugProjConsole.csproj", "{E6C13B13-4697-4F9E-A1C0-9F30EA65F838}"
EndProject
Global
	GlobalSection(SolutionConfigurationPlatforms) = preSolution
		Debug|Any CPU = Debug|Any CPU
		Release|Any CPU = Release|Any CPU
	EndGlobalSection
	GlobalSection(ProjectConfigurationPlatforms) = postSolution
		{DC1442BD-FDB8-4351-807A-A66C2699EE92}.Debug|Any CPU.ActiveCfg = Debug|Any CPU
		{DC1442BD-FDB8-4351-807A-A66C2699EE92}.Debug|Any CPU.Build.0 = Debug|Any CPU
		{DC1442BD-FDB8-4351-807A-A66C2699EE92}.Release|Any CPU.ActiveCfg = Release|Any CPU
		{DC1442BD-FDB8-4351-807A-A66C2699EE92}.Release|Any CPU.Build.0 = Release|Any CPU
		{E6C13B13-4697-4F9E-A1C0-9F30EA65F838}.Debug|Any CPU.ActiveCfg = Debug|Any CPU
		{E6C13B13-4697-4F9E-A1C0-9F30EA65F838}.Debug|Any CPU.Build.0 = Debug|Any CPU
		{E6C13B13-4697-4F9E-A1C0-9F30EA65F838}.Release|Any CPU.ActiveCfg = Release|Any CPU
		{E6C13B13-4697-4F9E-A1C0-9F30EA65F838}.Release|Any CPU.Build.0 = Release|Any CPU
	EndGlobalSection
	GlobalSection(SolutionProperties) = preSolution
		HideSolutionNode = FALSE
	EndGlobalSection
	GlobalSection(ExtensibilityGlobals) = postSolution
		SolutionGuid = {02D2DD46-EE25-441C-B29B-E39851627136}
	EndGlobalSection
EndGlobal
